<Solution>
  <Project Path="ClientInterfaces/ClientConsole/ClientConsole.csproj" />
  <Project Path="ServerInterfaces/ServerConsole/ServerConsole.csproj" />
  <Project Path="Libraries/ClientApp/ClientApp.csproj" />
  <Project Path="Libraries/Common/Common.csproj" />
  <Project Path="Libraries/ServerApp/ServerApp.csproj" />
</Solution>
